
Microsoft Visual Studio Solution File, Format Version 12.00
# Visual Studio 15
VisualStudioVersion = 15.0.28010.2048
MinimumVisualStudioVersion = 10.0.40219.1
Project("{FAE04EC0-301F-11D3-BF4B-00C04F79EFBC}") = "FixSystemTime", "FixSystemTime\FixSystemTime.csproj", "{CFC031EC-71BA-4A6A-8D65-3D83FCFCE52F}"
EndProject
Global
	GlobalSection(SolutionConfigurationPlatforms) = preSolution
		Debug|Any CPU = Debug|Any CPU
		Release|Any CPU = Release|Any CPU
	EndGlobalSection
	GlobalSection(ProjectConfigurationPlatforms) = postSolution
		{CFC031EC-71BA-4A6A-8D65-3D83FCFCE52F}.Debug|Any CPU.ActiveCfg = Debug|Any CPU
		{CFC031EC-71BA-4A6A-8D65-3D83FCFCE52F}.Debug|Any CPU.Build.0 = Debug|Any CPU
		{CFC031EC-71BA-4A6A-8D65-3D83FCFCE52F}.Release|Any CPU.ActiveCfg = Release|Any CPU
		{CFC031EC-71BA-4A6A-8D65-3D83FCFCE52F}.Release|Any CPU.Build.0 = Release|Any CPU
	EndGlobalSection
	GlobalSection(SolutionProperties) = preSolution
		HideSolutionNode = FALSE
	EndGlobalSection
	GlobalSection(ExtensibilityGlobals) = postSolution
		SolutionGuid = {8BD4EB0D-71F7-4302-966F-44C91CA150C2}
	EndGlobalSection
EndGlobal
